<?xml version="1.0" encoding="UTF-8" standalone="yes" ?>
<CodeBlocks_project_file>
	<FileVersion major="1" minor="6" />
	<Project>
		<Option title="rpgss" />
		<Option pch_mode="2" />
		<Option compiler="gcc" />
		<Build>
			<Target title="Debug">
				<Option output="bin/Debug/rpgss" prefix_auto="1" extension_auto="1" />
				<Option object_output="obj/Debug/" />
				<Option type="3" />
				<Option compiler="gcc" />
				<Option parameters="TestPlay HideTitle Window" />
				<Option host_application="C:/dev/rpg2003/Project/RPGSS/RPG_RT.exe" />
				<Option run_host_application_in_terminal="0" />
				<Option createDefFile="1" />
				<Option createStaticLib="1" />
				<Compiler>
					<Add option="-Wall" />
					<Add option="-g" />
					<Add option="-D_DEBUG" />
					<Add option="-DBUILD_DLL" />
				</Compiler>
				<Linker>
					<Add library="user32" />
				</Linker>
			</Target>
			<Target title="Release">
				<Option output="bin/Release/rpgss" prefix_auto="1" extension_auto="1" />
				<Option object_output="obj/Release/" />
				<Option type="3" />
				<Option compiler="gcc" />
				<Option parameters="TestPlay HideTitle Window" />
				<Option host_application="C:/dev/rpg2003/Project/RPGSS/RPG_RT.exe" />
				<Option run_host_application_in_terminal="0" />
				<Compiler>
					<Add option="-O2" />
					<Add option="-Wall" />
					<Add option="-DNDEBUG" />
					<Add option="-DBUILD_DLL" />
				</Compiler>
				<Linker>
					<Add option="-s" />
					<Add library="user32" />
				</Linker>
			</Target>
		</Build>
		<Compiler>
			<Add option="-Wno-unused-local-typedefs" />
			<Add option="-Wno-unused-label" />
			<Add option="-msse2" />
			<Add option="-mstackrealign" />
			<Add directory="../thirdparty/dynrpg-sdk-0.20/include" />
			<Add directory="../thirdparty/physfs-2.0.3/include" />
			<Add directory="../thirdparty/luajit-2.0.3/include" />
			<Add directory="../thirdparty/audiere-1.9.4/include" />
			<Add directory="../thirdparty/corona-1.0.2/include" />
			<Add directory="../thirdparty/zlib-1.2.8/include" />
			<Add directory="../thirdparty/boost-1.55.0/include" />
		</Compiler>
		<Linker>
			<Add option="-L../thirdparty/dynrpg-sdk-0.20/lib" />
			<Add option="-L../thirdparty/physfs-2.0.3/lib" />
			<Add option="-L../thirdparty/luajit-2.0.3" />
			<Add option="-L../thirdparty/audiere-1.9.4/lib" />
			<Add option="-L../thirdparty/corona-1.0.2/lib" />
			<Add option="-L../thirdparty/zlib-1.2.8/lib" />
			<Add library="dynrpg" />
			<Add library="physfs.dll" />
			<Add library="audiere" />
			<Add library="corona" />
			<Add library="lua51" />
			<Add library="zdll" />
		</Linker>
		<ExtraCommands>
			<Add after='xcopy /Y &quot;$(PROJECT_DIR)$(TARGET_OUTPUT_FILE)&quot; &quot;$(PROJECT_DIR)..\build\&quot;' />
			<Add after='xcopy /Y &quot;$(PROJECT_DIR)$(TARGET_OUTPUT_FILE)&quot; &quot;C:\dev\rpg2003\Project\RPGSS\DynPlugins\&quot;' />
			<Mode after="always" />
		</ExtraCommands>
		<Unit filename="../source/LuaBridge/LuaBridge.h" />
		<Unit filename="../source/LuaBridge/RefCountedObject.h" />
		<Unit filename="../source/LuaBridge/RefCountedPtr.h" />
		<Unit filename="../source/LuaBridge/detail/CFunctions.h" />
		<Unit filename="../source/LuaBridge/detail/ClassInfo.h" />
		<Unit filename="../source/LuaBridge/detail/Constructor.h" />
		<Unit filename="../source/LuaBridge/detail/FuncTraits.h" />
		<Unit filename="../source/LuaBridge/detail/Iterator.h" />
		<Unit filename="../source/LuaBridge/detail/LuaException.h" />
		<Unit filename="../source/LuaBridge/detail/LuaHelpers.h" />
		<Unit filename="../source/LuaBridge/detail/LuaRef.h" />
		<Unit filename="../source/LuaBridge/detail/Namespace.h" />
		<Unit filename="../source/LuaBridge/detail/Stack.h" />
		<Unit filename="../source/LuaBridge/detail/TypeList.h" />
		<Unit filename="../source/LuaBridge/detail/TypeTraits.h" />
		<Unit filename="../source/LuaBridge/detail/Userdata.h" />
		<Unit filename="../source/rpgss/Context.cpp" />
		<Unit filename="../source/rpgss/Context.hpp" />
		<Unit filename="../source/rpgss/TokenParser.cpp" />
		<Unit filename="../source/rpgss/TokenParser.hpp" />
		<Unit filename="../source/rpgss/audio/Sound.hpp" />
		<Unit filename="../source/rpgss/audio/SoundEffect.hpp" />
		<Unit filename="../source/rpgss/audio/audio.cpp" />
		<Unit filename="../source/rpgss/audio/audio.hpp" />
		<Unit filename="../source/rpgss/common/RefCountedObject.hpp" />
		<Unit filename="../source/rpgss/common/RefCountedObjectPtr.hpp" />
		<Unit filename="../source/rpgss/common/cpuinfo.cpp" />
		<Unit filename="../source/rpgss/common/cpuinfo.hpp" />
		<Unit filename="../source/rpgss/common/stringutil.cpp" />
		<Unit filename="../source/rpgss/common/stringutil.hpp" />
		<Unit filename="../source/rpgss/common/types.hpp" />
		<Unit filename="../source/rpgss/core/ByteArray.cpp" />
		<Unit filename="../source/rpgss/core/ByteArray.hpp" />
		<Unit filename="../source/rpgss/core/Dim2.hpp" />
		<Unit filename="../source/rpgss/core/Rect.hpp" />
		<Unit filename="../source/rpgss/core/Vec2.hpp" />
		<Unit filename="../source/rpgss/debug/Guard.cpp" />
		<Unit filename="../source/rpgss/debug/Guard.hpp" />
		<Unit filename="../source/rpgss/debug/Log.cpp" />
		<Unit filename="../source/rpgss/debug/Log.hpp" />
		<Unit filename="../source/rpgss/debug/debug.cpp" />
		<Unit filename="../source/rpgss/debug/debug.hpp" />
		<Unit filename="../source/rpgss/error.cpp" />
		<Unit filename="../source/rpgss/error.hpp" />
		<Unit filename="../source/rpgss/graphics/Font.cpp" />
		<Unit filename="../source/rpgss/graphics/Font.hpp" />
		<Unit filename="../source/rpgss/graphics/Image.cpp" />
		<Unit filename="../source/rpgss/graphics/Image.hpp" />
		<Unit filename="../source/rpgss/graphics/RGBA.hpp" />
		<Unit filename="../source/rpgss/graphics/WindowSkin.cpp" />
		<Unit filename="../source/rpgss/graphics/WindowSkin.hpp" />
		<Unit filename="../source/rpgss/graphics/graphics.cpp" />
		<Unit filename="../source/rpgss/graphics/graphics.hpp" />
		<Unit filename="../source/rpgss/graphics/primitives.hpp" />
		<Unit filename="../source/rpgss/input/input.cpp" />
		<Unit filename="../source/rpgss/input/input.hpp" />
		<Unit filename="../source/rpgss/io/File.hpp" />
		<Unit filename="../source/rpgss/io/MemoryFile.cpp" />
		<Unit filename="../source/rpgss/io/MemoryFile.hpp" />
		<Unit filename="../source/rpgss/io/Reader.cpp" />
		<Unit filename="../source/rpgss/io/Reader.hpp" />
		<Unit filename="../source/rpgss/io/Writer.cpp" />
		<Unit filename="../source/rpgss/io/Writer.hpp" />
		<Unit filename="../source/rpgss/io/io.cpp" />
		<Unit filename="../source/rpgss/io/io.hpp" />
		<Unit filename="../source/rpgss/rpgss.cpp" />
		<Unit filename="../source/rpgss/script/audio_module/SoundEffectWrapper.cpp" />
		<Unit filename="../source/rpgss/script/audio_module/SoundEffectWrapper.hpp" />
		<Unit filename="../source/rpgss/script/audio_module/SoundWrapper.cpp" />
		<Unit filename="../source/rpgss/script/audio_module/SoundWrapper.hpp" />
		<Unit filename="../source/rpgss/script/audio_module/audio_module.cpp" />
		<Unit filename="../source/rpgss/script/audio_module/audio_module.hpp" />
		<Unit filename="../source/rpgss/script/core_module/ByteArrayWrapper.cpp" />
		<Unit filename="../source/rpgss/script/core_module/ByteArrayWrapper.hpp" />
		<Unit filename="../source/rpgss/script/core_module/core_module.cpp" />
		<Unit filename="../source/rpgss/script/core_module/core_module.hpp" />
		<Unit filename="../source/rpgss/script/game_module/ActorWrapper.cpp" />
		<Unit filename="../source/rpgss/script/game_module/ActorWrapper.hpp" />
		<Unit filename="../source/rpgss/script/game_module/BattlerWrapper.cpp" />
		<Unit filename="../source/rpgss/script/game_module/BattlerWrapper.hpp" />
		<Unit filename="../source/rpgss/script/game_module/CharacterWrapper.cpp" />
		<Unit filename="../source/rpgss/script/game_module/CharacterWrapper.hpp" />
		<Unit filename="../source/rpgss/script/game_module/EventWrapper.cpp" />
		<Unit filename="../source/rpgss/script/game_module/EventWrapper.hpp" />
		<Unit filename="../source/rpgss/script/game_module/HeroWrapper.cpp" />
		<Unit filename="../source/rpgss/script/game_module/HeroWrapper.hpp" />
		<Unit filename="../source/rpgss/script/game_module/MonsterWrapper.cpp" />
		<Unit filename="../source/rpgss/script/game_module/MonsterWrapper.hpp" />
		<Unit filename="../source/rpgss/script/game_module/constants.cpp" />
		<Unit filename="../source/rpgss/script/game_module/constants.hpp" />
		<Unit filename="../source/rpgss/script/game_module/game_module.cpp" />
		<Unit filename="../source/rpgss/script/game_module/game_module.hpp" />
		<Unit filename="../source/rpgss/script/graphics_module/FontWrapper.cpp" />
		<Unit filename="../source/rpgss/script/graphics_module/FontWrapper.hpp" />
		<Unit filename="../source/rpgss/script/graphics_module/ImageWrapper.cpp" />
		<Unit filename="../source/rpgss/script/graphics_module/ImageWrapper.hpp" />
		<Unit filename="../source/rpgss/script/graphics_module/WindowSkinWrapper.cpp" />
		<Unit filename="../source/rpgss/script/graphics_module/WindowSkinWrapper.hpp" />
		<Unit filename="../source/rpgss/script/graphics_module/constants.cpp" />
		<Unit filename="../source/rpgss/script/graphics_module/constants.hpp" />
		<Unit filename="../source/rpgss/script/graphics_module/graphics_module.cpp" />
		<Unit filename="../source/rpgss/script/graphics_module/graphics_module.hpp" />
		<Unit filename="../source/rpgss/script/io_module/FileWrapper.cpp" />
		<Unit filename="../source/rpgss/script/io_module/FileWrapper.hpp" />
		<Unit filename="../source/rpgss/script/io_module/MemoryFileWrapper.cpp" />
		<Unit filename="../source/rpgss/script/io_module/MemoryFileWrapper.hpp" />
		<Unit filename="../source/rpgss/script/io_module/ReaderWrapper.cpp" />
		<Unit filename="../source/rpgss/script/io_module/ReaderWrapper.hpp" />
		<Unit filename="../source/rpgss/script/io_module/WriterWrapper.cpp" />
		<Unit filename="../source/rpgss/script/io_module/WriterWrapper.hpp" />
		<Unit filename="../source/rpgss/script/io_module/constants.cpp" />
		<Unit filename="../source/rpgss/script/io_module/constants.hpp" />
		<Unit filename="../source/rpgss/script/io_module/io_module.cpp" />
		<Unit filename="../source/rpgss/script/io_module/io_module.hpp" />
		<Unit filename="../source/rpgss/script/keyboard_module/constants.cpp" />
		<Unit filename="../source/rpgss/script/keyboard_module/constants.hpp" />
		<Unit filename="../source/rpgss/script/keyboard_module/keyboard_module.cpp" />
		<Unit filename="../source/rpgss/script/keyboard_module/keyboard_module.hpp" />
		<Unit filename="../source/rpgss/script/lua_include.hpp" />
		<Unit filename="../source/rpgss/script/mouse_module/constants.cpp" />
		<Unit filename="../source/rpgss/script/mouse_module/constants.hpp" />
		<Unit filename="../source/rpgss/script/mouse_module/mouse_module.cpp" />
		<Unit filename="../source/rpgss/script/mouse_module/mouse_module.hpp" />
		<Unit filename="../source/rpgss/script/script.cpp" />
		<Unit filename="../source/rpgss/script/script.hpp" />
		<Unit filename="../source/rpgss/script/timer_module/timer_module.cpp" />
		<Unit filename="../source/rpgss/script/timer_module/timer_module.hpp" />
		<Unit filename="../source/rpgss/script/util_module/util_module.cpp" />
		<Unit filename="../source/rpgss/script/util_module/util_module.hpp" />
		<Unit filename="../source/rpgss/timer/timer.cpp" />
		<Unit filename="../source/rpgss/timer/timer.hpp" />
		<Unit filename="../source/rpgss/util/Compressor.cpp" />
		<Unit filename="../source/rpgss/util/Compressor.hpp" />
		<Unit filename="../source/rpgss/util/Decompressor.cpp" />
		<Unit filename="../source/rpgss/util/Decompressor.hpp" />
		<Unit filename="../source/rpgss/util/util.cpp" />
		<Unit filename="../source/rpgss/util/util.hpp" />
		<Unit filename="../source/rpgss/version.hpp" />
		<Unit filename="rpgss.rc">
			<Option compilerVar="WINDRES" />
		</Unit>
		<Extensions>
			<code_completion />
			<debugger />
		</Extensions>
	</Project>
</CodeBlocks_project_file>
